
Microsoft Visual Studio Solution File, Format Version 12.00
# Visual Studio Version 16
VisualStudioVersion = 16.0.32802.440
MinimumVisualStudioVersion = 10.0.40219.1
Project("{FAE04EC0-301F-11D3-BF4B-00C04F79EFBC}") = "Grabb_instal", "Grabb_instal\Grabb_instal.csproj", "{F10C2911-5727-458B-9C09-9E26C679F3EC}"
EndProject
Global
	GlobalSection(SolutionConfigurationPlatforms) = preSolution
		Debug|Any CPU = Debug|Any CPU
		Release|Any CPU = Release|Any CPU
	EndGlobalSection
	GlobalSection(ProjectConfigurationPlatforms) = postSolution
		{F10C2911-5727-458B-9C09-9E26C679F3EC}.Debug|Any CPU.ActiveCfg = Debug|Any CPU
		{F10C2911-5727-458B-9C09-9E26C679F3EC}.Debug|Any CPU.Build.0 = Debug|Any CPU
		{F10C2911-5727-458B-9C09-9E26C679F3EC}.Release|Any CPU.ActiveCfg = Release|Any CPU
		{F10C2911-5727-458B-9C09-9E26C679F3EC}.Release|Any CPU.Build.0 = Release|Any CPU
	EndGlobalSection
	GlobalSection(SolutionProperties) = preSolution
		HideSolutionNode = FALSE
	EndGlobalSection
	GlobalSection(ExtensibilityGlobals) = postSolution
		SolutionGuid = {4C080A44-CDEB-46DE-894A-E59C4826734F}
	EndGlobalSection
EndGlobal
